
Microsoft Visual Studio Solution File, Format Version 12.00
# Visual Studio Version 17
VisualStudioVersion = 17.14.36310.24 d17.14
MinimumVisualStudioVersion = 10.0.40219.1
Project("{FAE04EC0-301F-11D3-BF4B-00C04F79EFBC}") = "Operators Assignments", "Operators Assignments.csproj", "{42209F0B-2A2D-4BDB-8758-018113C141EC}"
EndProject
Global
	GlobalSection(SolutionConfigurationPlatforms) = preSolution
		Debug|Any CPU = Debug|Any CPU
		Release|Any CPU = Release|Any CPU
	EndGlobalSection
	GlobalSection(ProjectConfigurationPlatforms) = postSolution
		{42209F0B-2A2D-4BDB-8758-018113C141EC}.Debug|Any CPU.ActiveCfg = Debug|Any CPU
		{42209F0B-2A2D-4BDB-8758-018113C141EC}.Debug|Any CPU.Build.0 = Debug|Any CPU
		{42209F0B-2A2D-4BDB-8758-018113C141EC}.Release|Any CPU.ActiveCfg = Release|Any CPU
		{42209F0B-2A2D-4BDB-8758-018113C141EC}.Release|Any CPU.Build.0 = Release|Any CPU
	EndGlobalSection
	GlobalSection(SolutionProperties) = preSolution
		HideSolutionNode = FALSE
	EndGlobalSection
	GlobalSection(ExtensibilityGlobals) = postSolution
		SolutionGuid = {2A317EAD-E2AE-4198-9194-67C806E1ECB2}
	EndGlobalSection
EndGlobal
